
Microsoft Visual Studio Solution File, Format Version 12.00
# Visual Studio 14
VisualStudioVersion = 14.0.25420.1
MinimumVisualStudioVersion = 10.0.40219.1
Project("{FAE04EC0-301F-11D3-BF4B-00C04F79EFBC}") = "Example01", "Example01\Example01.csproj", "{FB35F6C1-481F-4F6E-A88D-E3075253A911}"
EndProject
Project("{FAE04EC0-301F-11D3-BF4B-00C04F79EFBC}") = "Example02", "Example02\Example02.csproj", "{0B7ED290-602D-45DD-B38C-3EB1A672C7F1}"
EndProject
Project("{FAE04EC0-301F-11D3-BF4B-00C04F79EFBC}") = "Example03", "Example03\Example03.csproj", "{5DC00F9C-3C15-4C16-95C5-14D1FC1952E3}"
EndProject
Project("{FAE04EC0-301F-11D3-BF4B-00C04F79EFBC}") = "Example04", "Example04\Example04.csproj", "{AC20D4F6-4580-49CA-BB45-C007454BD835}"
EndProject
Global
	GlobalSection(SolutionConfigurationPlatforms) = preSolution
		Debug|Any CPU = Debug|Any CPU
		Release|Any CPU = Release|Any CPU
	EndGlobalSection
	GlobalSection(ProjectConfigurationPlatforms) = postSolution
		{FB35F6C1-481F-4F6E-A88D-E3075253A911}.Debug|Any CPU.ActiveCfg = Debug|Any CPU
		{FB35F6C1-481F-4F6E-A88D-E3075253A911}.Debug|Any CPU.Build.0 = Debug|Any CPU
		{FB35F6C1-481F-4F6E-A88D-E3075253A911}.Release|Any CPU.ActiveCfg = Release|Any CPU
		{FB35F6C1-481F-4F6E-A88D-E3075253A911}.Release|Any CPU.Build.0 = Release|Any CPU
		{0B7ED290-602D-45DD-B38C-3EB1A672C7F1}.Debug|Any CPU.ActiveCfg = Debug|Any CPU
		{0B7ED290-602D-45DD-B38C-3EB1A672C7F1}.Debug|Any CPU.Build.0 = Debug|Any CPU
		{0B7ED290-602D-45DD-B38C-3EB1A672C7F1}.Release|Any CPU.ActiveCfg = Release|Any CPU
		{0B7ED290-602D-45DD-B38C-3EB1A672C7F1}.Release|Any CPU.Build.0 = Release|Any CPU
		{5DC00F9C-3C15-4C16-95C5-14D1FC1952E3}.Debug|Any CPU.ActiveCfg = Debug|Any CPU
		{5DC00F9C-3C15-4C16-95C5-14D1FC1952E3}.Debug|Any CPU.Build.0 = Debug|Any CPU
		{5DC00F9C-3C15-4C16-95C5-14D1FC1952E3}.Release|Any CPU.ActiveCfg = Release|Any CPU
		{5DC00F9C-3C15-4C16-95C5-14D1FC1952E3}.Release|Any CPU.Build.0 = Release|Any CPU
		{AC20D4F6-4580-49CA-BB45-C007454BD835}.Debug|Any CPU.ActiveCfg = Debug|Any CPU
		{AC20D4F6-4580-49CA-BB45-C007454BD835}.Debug|Any CPU.Build.0 = Debug|Any CPU
		{AC20D4F6-4580-49CA-BB45-C007454BD835}.Release|Any CPU.ActiveCfg = Release|Any CPU
		{AC20D4F6-4580-49CA-BB45-C007454BD835}.Release|Any CPU.Build.0 = Release|Any CPU
	EndGlobalSection
	GlobalSection(SolutionProperties) = preSolution
		HideSolutionNode = FALSE
	EndGlobalSection
EndGlobal
